// !$*UTF8*$!
{
	archiveVersion = 1;
	classes = {
	};
	objectVersion = 52;
	objects = {

/* Begin PBXBuildFile section */
		A5BD4E5A26221ED60055AB52 /* SDWebImageSwiftUI in Frameworks */ = {isa = PBXBuildFile; productRef = A5BD4E5926221ED60055AB52 /* SDWebImageSwiftUI */; };
		A5BD4E5D26222F180055AB52 /* NetworkManager.swift in Sources */ = {isa = PBXBuildFile; fileRef = A5BD4E5C26222F180055AB52 /* NetworkManager.swift */; };
		A5EAB80B2621753400350B34 /* RandomGifView.swift in Sources */ = {isa = PBXBuildFile; fileRef = A5EAB80A2621753400350B34 /* RandomGifView.swift */; };
		A5EAB80E2621763500350B34 /* SearchGifView.swift in Sources */ = {isa = PBXBuildFile; fileRef = A5EAB80D2621763500350B34 /* SearchGifView.swift */; };
		A5EB2C18261ED36100856FCA /* TestTaskStroyApp.swift in Sources */ = {isa = PBXBuildFile; fileRef = A5EB2C17261ED36100856FCA /* TestTaskStroyApp.swift */; };
		A5EB2C1A261ED36100856FCA /* ContentView.swift in Sources */ = {isa = PBXBuildFile; fileRef = A5EB2C19261ED36100856FCA /* ContentView.swift */; };
		A5EB2C1C261ED36300856FCA /* Assets.xcassets in Resources */ = {isa = PBXBuildFile; fileRef = A5EB2C1B261ED36300856FCA /* Assets.xcassets */; };
		A5EB2C1F261ED36300856FCA /* Preview Assets.xcassets in Resources */ = {isa = PBXBuildFile; fileRef = A5EB2C1E261ED36300856FCA /* Preview Assets.xcassets */; };
		A5EB2C2D261ED66200856FCA /* User.swift in Sources */ = {isa = PBXBuildFile; fileRef = A5EB2C2C261ED66200856FCA /* User.swift */; };
		A5EB2C30261EE6B400856FCA /* ProfileView.swift in Sources */ = {isa = PBXBuildFile; fileRef = A5EB2C2F261EE6B400856FCA /* ProfileView.swift */; };
		A5EB2C33261F262400856FCA /* CustomButton.swift in Sources */ = {isa = PBXBuildFile; fileRef = A5EB2C32261F262300856FCA /* CustomButton.swift */; };
		A5EB2C36261F2A2000856FCA /* Color + Extension.swift in Sources */ = {isa = PBXBuildFile; fileRef = A5EB2C35261F2A2000856FCA /* Color + Extension.swift */; };
		A5EB2C3B2620461900856FCA /* Constants.swift in Sources */ = {isa = PBXBuildFile; fileRef = A5EB2C3A2620461900856FCA /* Constants.swift */; };
		A5EB2C3F26204A3800856FCA /* GIPHY.swift in Sources */ = {isa = PBXBuildFile; fileRef = A5EB2C3E26204A3800856FCA /* GIPHY.swift */; };
		A5FEC8C6262258DB009E1B59 /* URLS.swift in Sources */ = {isa = PBXBuildFile; fileRef = A5FEC8C5262258DB009E1B59 /* URLS.swift */; };
/* End PBXBuildFile section */

/* Begin PBXFileReference section */
		A5BD4E5C26222F180055AB52 /* NetworkManager.swift */ = {isa = PBXFileReference; lastKnownFileType = sourcecode.swift; path = NetworkManager.swift; sourceTree = "<group>"; };
		A5EAB80A2621753400350B34 /* RandomGifView.swift */ = {isa = PBXFileReference; lastKnownFileType = sourcecode.swift; path = RandomGifView.swift; sourceTree = "<group>"; };
		A5EAB80D2621763500350B34 /* SearchGifView.swift */ = {isa = PBXFileReference; lastKnownFileType = sourcecode.swift; path = SearchGifView.swift; sourceTree = "<group>"; };
		A5EB2C14261ED36100856FCA /* TestTaskStroy.app */ = {isa = PBXFileReference; explicitFileType = wrapper.application; includeInIndex = 0; path = TestTaskStroy.app; sourceTree = BUILT_PRODUCTS_DIR; };
		A5EB2C17261ED36100856FCA /* TestTaskStroyApp.swift */ = {isa = PBXFileReference; lastKnownFileType = sourcecode.swift; path = TestTaskStroyApp.swift; sourceTree = "<group>"; };
		A5EB2C19261ED36100856FCA /* ContentView.swift */ = {isa = PBXFileReference; lastKnownFileType = sourcecode.swift; path = ContentView.swift; sourceTree = "<group>"; };
		A5EB2C1B261ED36300856FCA /* Assets.xcassets */ = {isa = PBXFileReference; lastKnownFileType = folder.assetcatalog; path = Assets.xcassets; sourceTree = "<group>"; };
		A5EB2C1E261ED36300856FCA /* Preview Assets.xcassets */ = {isa = PBXFileReference; lastKnownFileType = folder.assetcatalog; path = "Preview Assets.xcassets"; sourceTree = "<group>"; };
		A5EB2C20261ED36300856FCA /* Info.plist */ = {isa = PBXFileReference; lastKnownFileType = text.plist.xml; path = Info.plist; sourceTree = "<group>"; };
		A5EB2C2C261ED66200856FCA /* User.swift */ = {isa = PBXFileReference; lastKnownFileType = sourcecode.swift; path = User.swift; sourceTree = "<group>"; };
		A5EB2C2F261EE6B400856FCA /* ProfileView.swift */ = {isa = PBXFileReference; lastKnownFileType = sourcecode.swift; path = ProfileView.swift; sourceTree = "<group>"; };
		A5EB2C32261F262300856FCA /* CustomButton.swift */ = {isa = PBXFileReference; fileEncoding = 4; lastKnownFileType = sourcecode.swift; path = CustomButton.swift; sourceTree = "<group>"; };
		A5EB2C35261F2A2000856FCA /* Color + Extension.swift */ = {isa = PBXFileReference; fileEncoding = 4; lastKnownFileType = sourcecode.swift; path = "Color + Extension.swift"; sourceTree = "<group>"; };
		A5EB2C3A2620461900856FCA /* Constants.swift */ = {isa = PBXFileReference; lastKnownFileType = sourcecode.swift; path = Constants.swift; sourceTree = "<group>"; };
		A5EB2C3E26204A3800856FCA /* GIPHY.swift */ = {isa = PBXFileReference; lastKnownFileType = sourcecode.swift; path = GIPHY.swift; sourceTree = "<group>"; };
		A5FEC8C5262258DB009E1B59 /* URLS.swift */ = {isa = PBXFileReference; lastKnownFileType = sourcecode.swift; path = URLS.swift; sourceTree = "<group>"; };
/* End PBXFileReference section */

/* Begin PBXFrameworksBuildPhase section */
		A5EB2C11261ED36100856FCA /* Frameworks */ = {
			isa = PBXFrameworksBuildPhase;
			buildActionMask = 2147483647;
			files = (
				A5BD4E5A26221ED60055AB52 /* SDWebImageSwiftUI in Frameworks */,
			);
			runOnlyForDeploymentPostprocessing = 0;
		};
/* End PBXFrameworksBuildPhase section */

/* Begin PBXGroup section */
		A5EB2C0B261ED36100856FCA = {
			isa = PBXGroup;
			children = (
				A5EB2C16261ED36100856FCA /* TestTaskStroy */,
				A5EB2C15261ED36100856FCA /* Products */,
			);
			sourceTree = "<group>";
		};
		A5EB2C15261ED36100856FCA /* Products */ = {
			isa = PBXGroup;
			children = (
				A5EB2C14261ED36100856FCA /* TestTaskStroy.app */,
			);
			name = Products;
			sourceTree = "<group>";
		};
		A5EB2C16261ED36100856FCA /* TestTaskStroy */ = {
			isa = PBXGroup;
			children = (
				A5EB2C392620456C00856FCA /* Managers */,
				A5EB2C2A261ED4F100856FCA /* SupportingFiles */,
				A5EB2C28261ED49D00856FCA /* Models */,
				A5EB2C27261ED48D00856FCA /* Views */,
				A5EB2C17261ED36100856FCA /* TestTaskStroyApp.swift */,
				A5EB2C1D261ED36300856FCA /* Preview Content */,
			);
			path = TestTaskStroy;
			sourceTree = "<group>";
		};
		A5EB2C1D261ED36300856FCA /* Preview Content */ = {
			isa = PBXGroup;
			children = (
				A5EB2C1E261ED36300856FCA /* Preview Assets.xcassets */,
			);
			path = "Preview Content";
			sourceTree = "<group>";
		};
		A5EB2C27261ED48D00856FCA /* Views */ = {
			isa = PBXGroup;
			children = (
				A5EB2C32261F262300856FCA /* CustomButton.swift */,
				A5EB2C35261F2A2000856FCA /* Color + Extension.swift */,
				A5EB2C19261ED36100856FCA /* ContentView.swift */,
				A5EB2C2F261EE6B400856FCA /* ProfileView.swift */,
				A5EAB80A2621753400350B34 /* RandomGifView.swift */,
				A5EAB80D2621763500350B34 /* SearchGifView.swift */,
			);
			path = Views;
			sourceTree = "<group>";
		};
		A5EB2C28261ED49D00856FCA /* Models */ = {
			isa = PBXGroup;
			children = (
				A5EB2C2C261ED66200856FCA /* User.swift */,
				A5EB2C3E26204A3800856FCA /* GIPHY.swift */,
			);
			path = Models;
			sourceTree = "<group>";
		};
		A5EB2C2A261ED4F100856FCA /* SupportingFiles */ = {
			isa = PBXGroup;
			children = (
				A5EB2C1B261ED36300856FCA /* Assets.xcassets */,
				A5EB2C20261ED36300856FCA /* Info.plist */,
			);
			path = SupportingFiles;
			sourceTree = "<group>";
		};
		A5EB2C392620456C00856FCA /* Managers */ = {
			isa = PBXGroup;
			children = (
				A5EB2C3A2620461900856FCA /* Constants.swift */,
				A5FEC8C5262258DB009E1B59 /* URLS.swift */,
				A5BD4E5C26222F180055AB52 /* NetworkManager.swift */,
			);
			path = Managers;
			sourceTree = "<group>";
		};
/* End PBXGroup section */

/* Begin PBXNativeTarget section */
		A5EB2C13261ED36100856FCA /* TestTaskStroy */ = {
			isa = PBXNativeTarget;
			buildConfigurationList = A5EB2C23261ED36300856FCA /* Build configuration list for PBXNativeTarget "TestTaskStroy" */;
			buildPhases = (
				A5EB2C10261ED36100856FCA /* Sources */,
				A5EB2C11261ED36100856FCA /* Frameworks */,
				A5EB2C12261ED36100856FCA /* Resources */,
			);
			buildRules = (
			);
			dependencies = (
			);
			name = TestTaskStroy;
			packageProductDependencies = (
				A5BD4E5926221ED60055AB52 /* SDWebImageSwiftUI */,
			);
			productName = TestTaskStroy;
			productReference = A5EB2C14261ED36100856FCA /* TestTaskStroy.app */;
			productType = "com.apple.product-type.application";
		};
/* End PBXNativeTarget section */

/* Begin PBXProject section */
		A5EB2C0C261ED36100856FCA /* Project object */ = {
			isa = PBXProject;
			attributes = {
				LastSwiftUpdateCheck = 1240;
				LastUpgradeCheck = 1240;
				TargetAttributes = {
					A5EB2C13261ED36100856FCA = {
						CreatedOnToolsVersion = 12.4;
					};
				};
			};
			buildConfigurationList = A5EB2C0F261ED36100856FCA /* Build configuration list for PBXProject "TestTaskStroy" */;
			compatibilityVersion = "Xcode 9.3";
			developmentRegion = en;
			hasScannedForEncodings = 0;
			knownRegions = (
				en,
				Base,
			);
			mainGroup = A5EB2C0B261ED36100856FCA;
			packageReferences = (
				A5BD4E5826221ED60055AB52 /* XCRemoteSwiftPackageReference "SDWebImageSwiftUI" */,
			);
			productRefGroup = A5EB2C15261ED36100856FCA /* Products */;
			projectDirPath = "";
			projectRoot = "";
			targets = (
				A5EB2C13261ED36100856FCA /* TestTaskStroy */,
			);
		};
/* End PBXProject section */

/* Begin PBXResourcesBuildPhase section */
		A5EB2C12261ED36100856FCA /* Resources */ = {
			isa = PBXResourcesBuildPhase;
			buildActionMask = 2147483647;
			files = (
				A5EB2C1F261ED36300856FCA /* Preview Assets.xcassets in Resources */,
				A5EB2C1C261ED36300856FCA /* Assets.xcassets in Resources */,
			);
			runOnlyForDeploymentPostprocessing = 0;
		};
/* End PBXResourcesBuildPhase section */

/* Begin PBXSourcesBuildPhase section */
		A5EB2C10261ED36100856FCA /* Sources */ = {
			isa = PBXSourcesBuildPhase;
			buildActionMask = 2147483647;
			files = (
				A5EAB80B2621753400350B34 /* RandomGifView.swift in Sources */,
				A5EB2C30261EE6B400856FCA /* ProfileView.swift in Sources */,
				A5EB2C1A261ED36100856FCA /* ContentView.swift in Sources */,
				A5EB2C3F26204A3800856FCA /* GIPHY.swift in Sources */,
				A5BD4E5D26222F180055AB52 /* NetworkManager.swift in Sources */,
				A5EB2C18261ED36100856FCA /* TestTaskStroyApp.swift in Sources */,
				A5EAB80E2621763500350B34 /* SearchGifView.swift in Sources */,
				A5FEC8C6262258DB009E1B59 /* URLS.swift in Sources */,
				A5EB2C2D261ED66200856FCA /* User.swift in Sources */,
				A5EB2C3B2620461900856FCA /* Constants.swift in Sources */,
				A5EB2C33261F262400856FCA /* CustomButton.swift in Sources */,
				A5EB2C36261F2A2000856FCA /* Color + Extension.swift in Sources */,
			);
			runOnlyForDeploymentPostprocessing = 0;
		};
/* End PBXSourcesBuildPhase section */

/* Begin XCBuildConfiguration section */
		A5EB2C21261ED36300856FCA /* Debug */ = {
			isa = XCBuildConfiguration;
			buildSettings = {
				ALWAYS_SEARCH_USER_PATHS = NO;
				CLANG_ANALYZER_NONNULL = YES;
				CLANG_ANALYZER_NUMBER_OBJECT_CONVERSION = YES_AGGRESSIVE;
				CLANG_CXX_LANGUAGE_STANDARD = "gnu++14";
				CLANG_CXX_LIBRARY = "libc++";
				CLANG_ENABLE_MODULES = YES;
				CLANG_ENABLE_OBJC_ARC = YES;
				CLANG_ENABLE_OBJC_WEAK = YES;
				CLANG_WARN_BLOCK_CAPTURE_AUTORELEASING = YES;
				CLANG_WARN_BOOL_CONVERSION = YES;
				CLANG_WARN_COMMA = YES;
				CLANG_WARN_CONSTANT_CONVERSION = YES;
				CLANG_WARN_DEPRECATED_OBJC_IMPLEMENTATIONS = YES;
				CLANG_WARN_DIRECT_OBJC_ISA_USAGE = YES_ERROR;
				CLANG_WARN_DOCUMENTATION_COMMENTS = YES;
				CLANG_WARN_EMPTY_BODY = YES;
				CLANG_WARN_ENUM_CONVERSION = YES;
				CLANG_WARN_INFINITE_RECURSION = YES;
				CLANG_WARN_INT_CONVERSION = YES;
				CLANG_WARN_NON_LITERAL_NULL_CONVERSION = YES;
				CLANG_WARN_OBJC_IMPLICIT_RETAIN_SELF = YES;
				CLANG_WARN_OBJC_LITERAL_CONVERSION = YES;
				CLANG_WARN_OBJC_ROOT_CLASS = YES_ERROR;
				CLANG_WARN_QUOTED_INCLUDE_IN_FRAMEWORK_HEADER = YES;
				CLANG_WARN_RANGE_LOOP_ANALYSIS = YES;
				CLANG_WARN_STRICT_PROTOTYPES = YES;
				CLANG_WARN_SUSPICIOUS_MOVE = YES;
				CLANG_WARN_UNGUARDED_AVAILABILITY = YES_AGGRESSIVE;
				CLANG_WARN_UNREACHABLE_CODE = YES;
				CLANG_WARN__DUPLICATE_METHOD_MATCH = YES;
				COPY_PHASE_STRIP = NO;
				DEBUG_INFORMATION_FORMAT = dwarf;
				ENABLE_STRICT_OBJC_MSGSEND = YES;
				ENABLE_TESTABILITY = YES;
				GCC_C_LANGUAGE_STANDARD = gnu11;
				GCC_DYNAMIC_NO_PIC = NO;
				GCC_NO_COMMON_BLOCKS = YES;
				GCC_OPTIMIZATION_LEVEL = 0;
				GCC_PREPROCESSOR_DEFINITIONS = (
					"DEBUG=1",
					"$(inherited)",
				);
				GCC_WARN_64_TO_32_BIT_CONVERSION = YES;
				GCC_WARN_ABOUT_RETURN_TYPE = YES_ERROR;
				GCC_WARN_UNDECLARED_SELECTOR = YES;
				GCC_WARN_UNINITIALIZED_AUTOS = YES_AGGRESSIVE;
				GCC_WARN_UNUSED_FUNCTION = YES;
				GCC_WARN_UNUSED_VARIABLE = YES;
				IPHONEOS_DEPLOYMENT_TARGET = 14.4;
				MTL_ENABLE_DEBUG_INFO = INCLUDE_SOURCE;
				MTL_FAST_MATH = YES;
				ONLY_ACTIVE_ARCH = YES;
				SDKROOT = iphoneos;
				SWIFT_ACTIVE_COMPILATION_CONDITIONS = DEBUG;
				SWIFT_OPTIMIZATION_LEVEL = "-Onone";
			};
			name = Debug;
		};
		A5EB2C22261ED36300856FCA /* Release */ = {
			isa = XCBuildConfiguration;
			buildSettings = {
				ALWAYS_SEARCH_USER_PATHS = NO;
				CLANG_ANALYZER_NONNULL = YES;
				CLANG_ANALYZER_NUMBER_OBJECT_CONVERSION = YES_AGGRESSIVE;
				CLANG_CXX_LANGUAGE_STANDARD = "gnu++14";
				CLANG_CXX_LIBRARY = "libc++";
				CLANG_ENABLE_MODULES = YES;
				CLANG_ENABLE_OBJC_ARC = YES;
				CLANG_ENABLE_OBJC_WEAK = YES;
				CLANG_WARN_BLOCK_CAPTURE_AUTORELEASING = YES;
				CLANG_WARN_BOOL_CONVERSION = YES;
				CLANG_WARN_COMMA = YES;
				CLANG_WARN_CONSTANT_CONVERSION = YES;
				CLANG_WARN_DEPRECATED_OBJC_IMPLEMENTATIONS = YES;
				CLANG_WARN_DIRECT_OBJC_ISA_USAGE = YES_ERROR;
				CLANG_WARN_DOCUMENTATION_COMMENTS = YES;
				CLANG_WARN_EMPTY_BODY = YES;
				CLANG_WARN_ENUM_CONVERSION = YES;
				CLANG_WARN_INFINITE_RECURSION = YES;
				CLANG_WARN_INT_CONVERSION = YES;
				CLANG_WARN_NON_LITERAL_NULL_CONVERSION = YES;
				CLANG_WARN_OBJC_IMPLICIT_RETAIN_SELF = YES;
				CLANG_WARN_OBJC_LITERAL_CONVERSION = YES;
				CLANG_WARN_OBJC_ROOT_CLASS = YES_ERROR;
				CLANG_WARN_QUOTED_INCLUDE_IN_FRAMEWORK_HEADER = YES;
				CLANG_WARN_RANGE_LOOP_ANALYSIS = YES;
				CLANG_WARN_STRICT_PROTOTYPES = YES;
				CLANG_WARN_SUSPICIOUS_MOVE = YES;
				CLANG_WARN_UNGUARDED_AVAILABILITY = YES_AGGRESSIVE;
				CLANG_WARN_UNREACHABLE_CODE = YES;
				CLANG_WARN__DUPLICATE_METHOD_MATCH = YES;
				COPY_PHASE_STRIP = NO;
				DEBUG_INFORMATION_FORMAT = "dwarf-with-dsym";
				ENABLE_NS_ASSERTIONS = NO;
				ENABLE_STRICT_OBJC_MSGSEND = YES;
				GCC_C_LANGUAGE_STANDARD = gnu11;
				GCC_NO_COMMON_BLOCKS = YES;
				GCC_WARN_64_TO_32_BIT_CONVERSION = YES;
				GCC_WARN_ABOUT_RETURN_TYPE = YES_ERROR;
				GCC_WARN_UNDECLARED_SELECTOR = YES;
				GCC_WARN_UNINITIALIZED_AUTOS = YES_AGGRESSIVE;
				GCC_WARN_UNUSED_FUNCTION = YES;
				GCC_WARN_UNUSED_VARIABLE = YES;
				IPHONEOS_DEPLOYMENT_TARGET = 14.4;
				MTL_ENABLE_DEBUG_INFO = NO;
				MTL_FAST_MATH = YES;
				SDKROOT = iphoneos;
				SWIFT_COMPILATION_MODE = wholemodule;
				SWIFT_OPTIMIZATION_LEVEL = "-O";
				VALIDATE_PRODUCT = YES;
			};
			name = Release;
		};
		A5EB2C24261ED36300856FCA /* Debug */ = {
			isa = XCBuildConfiguration;
			buildSettings = {
				ASSETCATALOG_COMPILER_APPICON_NAME = AppIcon;
				ASSETCATALOG_COMPILER_GLOBAL_ACCENT_COLOR_NAME = AccentColor;
				CODE_SIGN_STYLE = Automatic;
				DEVELOPMENT_ASSET_PATHS = "\"TestTaskStroy/Preview Content\"";
				DEVELOPMENT_TEAM = RNER64Q73Y;
				ENABLE_PREVIEWS = YES;
				INFOPLIST_FILE = TestTaskStroy/SupportingFiles/Info.plist;
				IPHONEOS_DEPLOYMENT_TARGET = 14.0;
				LD_RUNPATH_SEARCH_PATHS = (
					"$(inherited)",
					"@executable_path/Frameworks",
				);
				PRODUCT_BUNDLE_IDENTIFIER = ageres7.TestTaskStroy;
				PRODUCT_NAME = "$(TARGET_NAME)";
				SWIFT_VERSION = 5.0;
				TARGETED_DEVICE_FAMILY = "1,2";
			};
			name = Debug;
		};
		A5EB2C25261ED36300856FCA /* Release */ = {
			isa = XCBuildConfiguration;
			buildSettings = {
				ASSETCATALOG_COMPILER_APPICON_NAME = AppIcon;
				ASSETCATALOG_COMPILER_GLOBAL_ACCENT_COLOR_NAME = AccentColor;
				CODE_SIGN_STYLE = Automatic;
				DEVELOPMENT_ASSET_PATHS = "\"TestTaskStroy/Preview Content\"";
				DEVELOPMENT_TEAM = RNER64Q73Y;
				ENABLE_PREVIEWS = YES;
				INFOPLIST_FILE = TestTaskStroy/SupportingFiles/Info.plist;
				IPHONEOS_DEPLOYMENT_TARGET = 14.0;
				LD_RUNPATH_SEARCH_PATHS = (
					"$(inherited)",
					"@executable_path/Frameworks",
				);
				PRODUCT_BUNDLE_IDENTIFIER = ageres7.TestTaskStroy;
				PRODUCT_NAME = "$(TARGET_NAME)";
				SWIFT_VERSION = 5.0;
				TARGETED_DEVICE_FAMILY = "1,2";
			};
			name = Release;
		};
/* End XCBuildConfiguration section */

/* Begin XCConfigurationList section */
		A5EB2C0F261ED36100856FCA /* Build configuration list for PBXProject "TestTaskStroy" */ = {
			isa = XCConfigurationList;
			buildConfigurations = (
				A5EB2C21261ED36300856FCA /* Debug */,
				A5EB2C22261ED36300856FCA /* Release */,
			);
			defaultConfigurationIsVisible = 0;
			defaultConfigurationName = Release;
		};
		A5EB2C23261ED36300856FCA /* Build configuration list for PBXNativeTarget "TestTaskStroy" */ = {
			isa = XCConfigurationList;
			buildConfigurations = (
				A5EB2C24261ED36300856FCA /* Debug */,
				A5EB2C25261ED36300856FCA /* Release */,
			);
			defaultConfigurationIsVisible = 0;
			defaultConfigurationName = Release;
		};
/* End XCConfigurationList section */

/* Begin XCRemoteSwiftPackageReference section */
		A5BD4E5826221ED60055AB52 /* XCRemoteSwiftPackageReference "SDWebImageSwiftUI" */ = {
			isa = XCRemoteSwiftPackageReference;
			repositoryURL = "https://github.com/SDWebImage/SDWebImageSwiftUI.git";
			requirement = {
				kind = upToNextMajorVersion;
				minimumVersion = 2.0.2;
			};
		};
/* End XCRemoteSwiftPackageReference section */

/* Begin XCSwiftPackageProductDependency section */
		A5BD4E5926221ED60055AB52 /* SDWebImageSwiftUI */ = {
			isa = XCSwiftPackageProductDependency;
			package = A5BD4E5826221ED60055AB52 /* XCRemoteSwiftPackageReference "SDWebImageSwiftUI" */;
			productName = SDWebImageSwiftUI;
		};
/* End XCSwiftPackageProductDependency section */
	};
	rootObject = A5EB2C0C261ED36100856FCA /* Project object */;
}
